
Microsoft Visual Studio Solution File, Format Version 12.00
# Visual Studio Version 16
VisualStudioVersion = 16.0.30907.101
MinimumVisualStudioVersion = 10.0.40219.1
Project("{FAE04EC0-301F-11D3-BF4B-00C04F79EFBC}") = "jokuvitunluuppi", "jokuvitunluuppi\jokuvitunluuppi.csproj", "{9DC1CDD0-EE44-4ECE-AE51-23194D40667E}"
EndProject
Global
	GlobalSection(SolutionConfigurationPlatforms) = preSolution
		Debug|Any CPU = Debug|Any CPU
		Release|Any CPU = Release|Any CPU
	EndGlobalSection
	GlobalSection(ProjectConfigurationPlatforms) = postSolution
		{9DC1CDD0-EE44-4ECE-AE51-23194D40667E}.Debug|Any CPU.ActiveCfg = Debug|Any CPU
		{9DC1CDD0-EE44-4ECE-AE51-23194D40667E}.Debug|Any CPU.Build.0 = Debug|Any CPU
		{9DC1CDD0-EE44-4ECE-AE51-23194D40667E}.Release|Any CPU.ActiveCfg = Release|Any CPU
		{9DC1CDD0-EE44-4ECE-AE51-23194D40667E}.Release|Any CPU.Build.0 = Release|Any CPU
	EndGlobalSection
	GlobalSection(SolutionProperties) = preSolution
		HideSolutionNode = FALSE
	EndGlobalSection
	GlobalSection(ExtensibilityGlobals) = postSolution
		SolutionGuid = {6CBC2C63-DA5F-465A-8E26-01046BEA14A4}
	EndGlobalSection
EndGlobal
